dependencies:
- name: kafka
  repository: https://charts.bitnami.com/bitnami/
  version: 19.0.2
- name: schema-registry
  repository: https://charts.bitnami.com/bitnami/
  version: 6.0.2
digest: sha256:f103b900f71f724cde9e24ba46889e694a3be2b7586713845916d8d20f5d959d
generated: "2022-11-04T15:35:15.636524534+07:00"
