dependencies:
- name: kafka
  repository: https://charts.bitnami.com/bitnami/
  version: 32.4.3
- name: schema-registry
  repository: https://charts.bitnami.com/bitnami/
  version: 6.0.2
digest: sha256:8be84e6f3a2dcd982b265df6ce1bfc2e63ed7de0f39dc3163dc7c7bb81766ba2
generated: "2026-02-02T19:38:56.690773474Z"
