dependencies:
- name: kafka
  repository: https://charts.bitnami.com/bitnami/
  version: 31.2.0
- name: schema-registry
  repository: https://charts.bitnami.com/bitnami/
  version: 6.0.2
digest: sha256:099419aeb536f68bd73bc34e4311b945ac9a1e36620398534324ffe21c1c9996
generated: "2025-01-08T23:25:52.719856744Z"
