dependencies:
- name: redis
  repository: https://charts.bitnami.com/bitnami/
  version: 17.0.11
- name: mongodb
  repository: https://charts.bitnami.com/bitnami/
  version: 13.1.7
- name: mongodb-sharded
  repository: https://charts.bitnami.com/bitnami/
  version: 6.1.10
- name: mongo-express
  repository: https://cowboysysop.github.io/charts/
  version: 2.6.7
- name: jupyter
  repository: https://licenseware.github.io/charts/
  version: 0.2.2
- name: postgresql
  repository: https://charts.bitnami.com/bitnami/
  version: 12.1.1
- name: pgadmin4
  repository: https://helm.runix.net/
  version: 1.13.6
digest: sha256:23f977e82ef573c55bf8dc30155ad466d00b0e0983c12d847ff85de935cc71fd
generated: "2022-11-11T12:29:49.384306328+07:00"
