dependencies:
- name: redis
  repository: https://charts.bitnami.com/bitnami/
  version: 17.0.11
- name: mongodb
  repository: https://charts.bitnami.com/bitnami/
  version: 13.1.7
- name: mongodb-sharded
  repository: https://charts.bitnami.com/bitnami/
  version: 6.1.13
- name: mongo-express
  repository: https://cowboysysop.github.io/charts/
  version: 2.6.7
- name: jupyter
  repository: https://licenseware.github.io/charts/
  version: 0.2.2
- name: postgresql
  repository: https://charts.bitnami.com/bitnami/
  version: 12.1.2
- name: pgadmin4
  repository: https://helm.runix.net/
  version: 1.13.6
digest: sha256:c46d0b247370790c3ad6848776e829b5d3cff460e80e52d5468dd7a1f6c86d1b
generated: "2022-11-21T06:14:33.242275169Z"
